// !$*UTF8*$!
{
	archiveVersion = 1;
	classes = {
	};
	objectVersion = 50;
	objects = {

/* Begin PBXBuildFile section */
		BF70923E253E377300DF6527 /* als.swift in Sources */ = {isa = PBXBuildFile; fileRef = BF70923D253E377300DF6527 /* als.swift */; };
		BF709241253E3EFA00DF6527 /* alt.swift in Sources */ = {isa = PBXBuildFile; fileRef = BF709240253E3EFA00DF6527 /* alt.swift */; };
		BF709245253E42D300DF6527 /* alk.swift in Sources */ = {isa = PBXBuildFile; fileRef = BF709244253E42D300DF6527 /* alk.swift */; };
		BF709248253E435200DF6527 /* ald.swift in Sources */ = {isa = PBXBuildFile; fileRef = BF709247253E435200DF6527 /* ald.swift */; };
		BF70924B253E44B900DF6527 /* alb.swift in Sources */ = {isa = PBXBuildFile; fileRef = BF70924A253E44B900DF6527 /* alb.swift */; };
		BF9B260325377F600093B044 /* AppDelegate.swift in Sources */ = {isa = PBXBuildFile; fileRef = BF9B260225377F600093B044 /* AppDelegate.swift */; };
		BF9B260525377F600093B044 /* SceneDelegate.swift in Sources */ = {isa = PBXBuildFile; fileRef = BF9B260425377F600093B044 /* SceneDelegate.swift */; };
		BF9B260725377F600093B044 /* ViewController.swift in Sources */ = {isa = PBXBuildFile; fileRef = BF9B260625377F600093B044 /* ViewController.swift */; };
		BF9B260A25377F600093B044 /* Main.storyboard in Resources */ = {isa = PBXBuildFile; fileRef = BF9B260825377F600093B044 /* Main.storyboard */; };
		BF9B260C25377F610093B044 /* Assets.xcassets in Resources */ = {isa = PBXBuildFile; fileRef = BF9B260B25377F610093B044 /* Assets.xcassets */; };
		BF9B260F25377F610093B044 /* LaunchScreen.storyboard in Resources */ = {isa = PBXBuildFile; fileRef = BF9B260D25377F610093B044 /* LaunchScreen.storyboard */; };
/* End PBXBuildFile section */

/* Begin PBXFileReference section */
		BF70923D253E377300DF6527 /* als.swift */ = {isa = PBXFileReference; lastKnownFileType = sourcecode.swift; path = als.swift; sourceTree = "<group>"; };
		BF709240253E3EFA00DF6527 /* alt.swift */ = {isa = PBXFileReference; lastKnownFileType = sourcecode.swift; path = alt.swift; sourceTree = "<group>"; };
		BF709244253E42D300DF6527 /* alk.swift */ = {isa = PBXFileReference; lastKnownFileType = sourcecode.swift; path = alk.swift; sourceTree = "<group>"; };
		BF709247253E435200DF6527 /* ald.swift */ = {isa = PBXFileReference; lastKnownFileType = sourcecode.swift; path = ald.swift; sourceTree = "<group>"; };
		BF70924A253E44B900DF6527 /* alb.swift */ = {isa = PBXFileReference; lastKnownFileType = sourcecode.swift; path = alb.swift; sourceTree = "<group>"; };
		BF9B25FF25377F600093B044 /* The project.app */ = {isa = PBXFileReference; explicitFileType = wrapper.application; includeInIndex = 0; path = "The project.app"; sourceTree = BUILT_PRODUCTS_DIR; };
		BF9B260225377F600093B044 /* AppDelegate.swift */ = {isa = PBXFileReference; lastKnownFileType = sourcecode.swift; path = AppDelegate.swift; sourceTree = "<group>"; };
		BF9B260425377F600093B044 /* SceneDelegate.swift */ = {isa = PBXFileReference; lastKnownFileType = sourcecode.swift; path = SceneDelegate.swift; sourceTree = "<group>"; };
		BF9B260625377F600093B044 /* ViewController.swift */ = {isa = PBXFileReference; lastKnownFileType = sourcecode.swift; path = ViewController.swift; sourceTree = "<group>"; };
		BF9B260925377F600093B044 /* Base */ = {isa = PBXFileReference; lastKnownFileType = file.storyboard; name = Base; path = Base.lproj/Main.storyboard; sourceTree = "<group>"; };
		BF9B260B25377F610093B044 /* Assets.xcassets */ = {isa = PBXFileReference; lastKnownFileType = folder.assetcatalog; path = Assets.xcassets; sourceTree = "<group>"; };
		BF9B260E25377F610093B044 /* Base */ = {isa = PBXFileReference; lastKnownFileType = file.storyboard; name = Base; path = Base.lproj/LaunchScreen.storyboard; sourceTree = "<group>"; };
		BF9B261025377F610093B044 /* Info.plist */ = {isa = PBXFileReference; lastKnownFileType = text.plist.xml; path = Info.plist; sourceTree = "<group>"; };
/* End PBXFileReference section */

/* Begin PBXFrameworksBuildPhase section */
		BF9B25FC25377F600093B044 /* Frameworks */ = {
			isa = PBXFrameworksBuildPhase;
			buildActionMask = 2147483647;
			files = (
			);
			runOnlyForDeploymentPostprocessing = 0;
		};
/* End PBXFrameworksBuildPhase section */

/* Begin PBXGroup section */
		BF9B25F625377F600093B044 = {
			isa = PBXGroup;
			children = (
				BF9B260125377F600093B044 /* The project */,
				BF9B260025377F600093B044 /* Products */,
			);
			sourceTree = "<group>";
		};
		BF9B260025377F600093B044 /* Products */ = {
			isa = PBXGroup;
			children = (
				BF9B25FF25377F600093B044 /* The project.app */,
			);
			name = Products;
			sourceTree = "<group>";
		};
		BF9B260125377F600093B044 /* The project */ = {
			isa = PBXGroup;
			children = (
				BF9B260225377F600093B044 /* AppDelegate.swift */,
				BF9B260425377F600093B044 /* SceneDelegate.swift */,
				BF9B260625377F600093B044 /* ViewController.swift */,
				BF9B260825377F600093B044 /* Main.storyboard */,
				BF70924A253E44B900DF6527 /* alb.swift */,
				BF709247253E435200DF6527 /* ald.swift */,
				BF709244253E42D300DF6527 /* alk.swift */,
				BF70923D253E377300DF6527 /* als.swift */,
				BF709240253E3EFA00DF6527 /* alt.swift */,
				BF9B260B25377F610093B044 /* Assets.xcassets */,
				BF9B260D25377F610093B044 /* LaunchScreen.storyboard */,
				BF9B261025377F610093B044 /* Info.plist */,
			);
			path = "The project";
			sourceTree = "<group>";
		};
/* End PBXGroup section */

/* Begin PBXNativeTarget section */
		BF9B25FE25377F600093B044 /* The project */ = {
			isa = PBXNativeTarget;
			buildConfigurationList = BF9B261325377F610093B044 /* Build configuration list for PBXNativeTarget "The project" */;
			buildPhases = (
				BF9B25FB25377F600093B044 /* Sources */,
				BF9B25FC25377F600093B044 /* Frameworks */,
				BF9B25FD25377F600093B044 /* Resources */,
			);
			buildRules = (
			);
			dependencies = (
			);
			name = "The project";
			productName = "The project";
			productReference = BF9B25FF25377F600093B044 /* The project.app */;
			productType = "com.apple.product-type.application";
		};
/* End PBXNativeTarget section */

/* Begin PBXProject section */
		BF9B25F725377F600093B044 /* Project object */ = {
			isa = PBXProject;
			attributes = {
				LastSwiftUpdateCheck = 1200;
				LastUpgradeCheck = 1200;
				TargetAttributes = {
					BF9B25FE25377F600093B044 = {
						CreatedOnToolsVersion = 12.0.1;
					};
				};
			};
			buildConfigurationList = BF9B25FA25377F600093B044 /* Build configuration list for PBXProject "The project" */;
			compatibilityVersion = "Xcode 9.3";
			developmentRegion = en;
			hasScannedForEncodings = 0;
			knownRegions = (
				en,
				Base,
			);
			mainGroup = BF9B25F625377F600093B044;
			productRefGroup = BF9B260025377F600093B044 /* Products */;
			projectDirPath = "";
			projectRoot = "";
			targets = (
				BF9B25FE25377F600093B044 /* The project */,
			);
		};
/* End PBXProject section */

/* Begin PBXResourcesBuildPhase section */
		BF9B25FD25377F600093B044 /* Resources */ = {
			isa = PBXResourcesBuildPhase;
			buildActionMask = 2147483647;
			files = (
				BF9B260F25377F610093B044 /* LaunchScreen.storyboard in Resources */,
				BF9B260C25377F610093B044 /* Assets.xcassets in Resources */,
				BF9B260A25377F600093B044 /* Main.storyboard in Resources */,
			);
			runOnlyForDeploymentPostprocessing = 0;
		};
/* End PBXResourcesBuildPhase section */

/* Begin PBXSourcesBuildPhase section */
		BF9B25FB25377F600093B044 /* Sources */ = {
			isa = PBXSourcesBuildPhase;
			buildActionMask = 2147483647;
			files = (
				BF70923E253E377300DF6527 /* als.swift in Sources */,
				BF709241253E3EFA00DF6527 /* alt.swift in Sources */,
				BF709245253E42D300DF6527 /* alk.swift in Sources */,
				BF70924B253E44B900DF6527 /* alb.swift in Sources */,
				BF709248253E435200DF6527 /* ald.swift in Sources */,
				BF9B260725377F600093B044 /* ViewController.swift in Sources */,
				BF9B260325377F600093B044 /* AppDelegate.swift in Sources */,
				BF9B260525377F600093B044 /* SceneDelegate.swift in Sources */,
			);
			runOnlyForDeploymentPostprocessing = 0;
		};
/* End PBXSourcesBuildPhase section */

/* Begin PBXVariantGroup section */
		BF9B260825377F600093B044 /* Main.storyboard */ = {
			isa = PBXVariantGroup;
			children = (
				BF9B260925377F600093B044 /* Base */,
			);
			name = Main.storyboard;
			sourceTree = "<group>";
		};
		BF9B260D25377F610093B044 /* LaunchScreen.storyboard */ = {
			isa = PBXVariantGroup;
			children = (
				BF9B260E25377F610093B044 /* Base */,
			);
			name = LaunchScreen.storyboard;
			sourceTree = "<group>";
		};
/* End PBXVariantGroup section */

/* Begin XCBuildConfiguration section */
		BF9B261125377F610093B044 /* Debug */ = {
			isa = XCBuildConfiguration;
			buildSettings = {
				ALWAYS_SEARCH_USER_PATHS = NO;
				CLANG_ANALYZER_NONNULL = YES;
				CLANG_ANALYZER_NUMBER_OBJECT_CONVERSION = YES_AGGRESSIVE;
				CLANG_CXX_LANGUAGE_STANDARD = "gnu++14";
				CLANG_CXX_LIBRARY = "libc++";
				CLANG_ENABLE_MODULES = YES;
				CLANG_ENABLE_OBJC_ARC = YES;
				CLANG_ENABLE_OBJC_WEAK = YES;
				CLANG_WARN_BLOCK_CAPTURE_AUTORELEASING = YES;
				CLANG_WARN_BOOL_CONVERSION = YES;
				CLANG_WARN_COMMA = YES;
				CLANG_WARN_CONSTANT_CONVERSION = YES;
				CLANG_WARN_DEPRECATED_OBJC_IMPLEMENTATIONS = YES;
				CLANG_WARN_DIRECT_OBJC_ISA_USAGE = YES_ERROR;
				CLANG_WARN_DOCUMENTATION_COMMENTS = YES;
				CLANG_WARN_EMPTY_BODY = YES;
				CLANG_WARN_ENUM_CONVERSION = YES;
				CLANG_WARN_INFINITE_RECURSION = YES;
				CLANG_WARN_INT_CONVERSION = YES;
				CLANG_WARN_NON_LITERAL_NULL_CONVERSION = YES;
				CLANG_WARN_OBJC_IMPLICIT_RETAIN_SELF = YES;
				CLANG_WARN_OBJC_LITERAL_CONVERSION = YES;
				CLANG_WARN_OBJC_ROOT_CLASS = YES_ERROR;
				CLANG_WARN_QUOTED_INCLUDE_IN_FRAMEWORK_HEADER = YES;
				CLANG_WARN_RANGE_LOOP_ANALYSIS = YES;
				CLANG_WARN_STRICT_PROTOTYPES = YES;
				CLANG_WARN_SUSPICIOUS_MOVE = YES;
				CLANG_WARN_UNGUARDED_AVAILABILITY = YES_AGGRESSIVE;
				CLANG_WARN_UNREACHABLE_CODE = YES;
				CLANG_WARN__DUPLICATE_METHOD_MATCH = YES;
				COPY_PHASE_STRIP = NO;
				DEBUG_INFORMATION_FORMAT = dwarf;
				ENABLE_STRICT_OBJC_MSGSEND = YES;
				ENABLE_TESTABILITY = YES;
				GCC_C_LANGUAGE_STANDARD = gnu11;
				GCC_DYNAMIC_NO_PIC = NO;
				GCC_NO_COMMON_BLOCKS = YES;
				GCC_OPTIMIZATION_LEVEL = 0;
				GCC_PREPROCESSOR_DEFINITIONS = (
					"DEBUG=1",
					"$(inherited)",
				);
				GCC_WARN_64_TO_32_BIT_CONVERSION = YES;
				GCC_WARN_ABOUT_RETURN_TYPE = YES_ERROR;
				GCC_WARN_UNDECLARED_SELECTOR = YES;
				GCC_WARN_UNINITIALIZED_AUTOS = YES_AGGRESSIVE;
				GCC_WARN_UNUSED_FUNCTION = YES;
				GCC_WARN_UNUSED_VARIABLE = YES;
				IPHONEOS_DEPLOYMENT_TARGET = 14.0;
				MTL_ENABLE_DEBUG_INFO = INCLUDE_SOURCE;
				MTL_FAST_MATH = YES;
				ONLY_ACTIVE_ARCH = YES;
				SDKROOT = iphoneos;
				SWIFT_ACTIVE_COMPILATION_CONDITIONS = DEBUG;
				SWIFT_OPTIMIZATION_LEVEL = "-Onone";
			};
			name = Debug;
		};
		BF9B261225377F610093B044 /* Release */ = {
			isa = XCBuildConfiguration;
			buildSettings = {
				ALWAYS_SEARCH_USER_PATHS = NO;
				CLANG_ANALYZER_NONNULL = YES;
				CLANG_ANALYZER_NUMBER_OBJECT_CONVERSION = YES_AGGRESSIVE;
				CLANG_CXX_LANGUAGE_STANDARD = "gnu++14";
				CLANG_CXX_LIBRARY = "libc++";
				CLANG_ENABLE_MODULES = YES;
				CLANG_ENABLE_OBJC_ARC = YES;
				CLANG_ENABLE_OBJC_WEAK = YES;
				CLANG_WARN_BLOCK_CAPTURE_AUTORELEASING = YES;
				CLANG_WARN_BOOL_CONVERSION = YES;
				CLANG_WARN_COMMA = YES;
				CLANG_WARN_CONSTANT_CONVERSION = YES;
				CLANG_WARN_DEPRECATED_OBJC_IMPLEMENTATIONS = YES;
				CLANG_WARN_DIRECT_OBJC_ISA_USAGE = YES_ERROR;
				CLANG_WARN_DOCUMENTATION_COMMENTS = YES;
				CLANG_WARN_EMPTY_BODY = YES;
				CLANG_WARN_ENUM_CONVERSION = YES;
				CLANG_WARN_INFINITE_RECURSION = YES;
				CLANG_WARN_INT_CONVERSION = YES;
				CLANG_WARN_NON_LITERAL_NULL_CONVERSION = YES;
				CLANG_WARN_OBJC_IMPLICIT_RETAIN_SELF = YES;
				CLANG_WARN_OBJC_LITERAL_CONVERSION = YES;
				CLANG_WARN_OBJC_ROOT_CLASS = YES_ERROR;
				CLANG_WARN_QUOTED_INCLUDE_IN_FRAMEWORK_HEADER = YES;
				CLANG_WARN_RANGE_LOOP_ANALYSIS = YES;
				CLANG_WARN_STRICT_PROTOTYPES = YES;
				CLANG_WARN_SUSPICIOUS_MOVE = YES;
				CLANG_WARN_UNGUARDED_AVAILABILITY = YES_AGGRESSIVE;
				CLANG_WARN_UNREACHABLE_CODE = YES;
				CLANG_WARN__DUPLICATE_METHOD_MATCH = YES;
				COPY_PHASE_STRIP = NO;
				DEBUG_INFORMATION_FORMAT = "dwarf-with-dsym";
				ENABLE_NS_ASSERTIONS = NO;
				ENABLE_STRICT_OBJC_MSGSEND = YES;
				GCC_C_LANGUAGE_STANDARD = gnu11;
				GCC_NO_COMMON_BLOCKS = YES;
				GCC_WARN_64_TO_32_BIT_CONVERSION = YES;
				GCC_WARN_ABOUT_RETURN_TYPE = YES_ERROR;
				GCC_WARN_UNDECLARED_SELECTOR = YES;
				GCC_WARN_UNINITIALIZED_AUTOS = YES_AGGRESSIVE;
				GCC_WARN_UNUSED_FUNCTION = YES;
				GCC_WARN_UNUSED_VARIABLE = YES;
				IPHONEOS_DEPLOYMENT_TARGET = 14.0;
				MTL_ENABLE_DEBUG_INFO = NO;
				MTL_FAST_MATH = YES;
				SDKROOT = iphoneos;
				SWIFT_COMPILATION_MODE = wholemodule;
				SWIFT_OPTIMIZATION_LEVEL = "-O";
				VALIDATE_PRODUCT = YES;
			};
			name = Release;
		};
		BF9B261425377F610093B044 /* Debug */ = {
			isa = XCBuildConfiguration;
			buildSettings = {
				ASSETCATALOG_COMPILER_APPICON_NAME = AppIcon;
				ASSETCATALOG_COMPILER_GLOBAL_ACCENT_COLOR_NAME = AccentColor;
				CODE_SIGN_STYLE = Automatic;
				INFOPLIST_FILE = "The project/Info.plist";
				IPHONEOS_DEPLOYMENT_TARGET = 13.0;
				LD_RUNPATH_SEARCH_PATHS = (
					"$(inherited)",
					"@executable_path/Frameworks",
				);
				PRODUCT_BUNDLE_IDENTIFIER = "kuwaitcode.com.The-project";
				PRODUCT_NAME = "$(TARGET_NAME)";
				SWIFT_VERSION = 5.0;
				TARGETED_DEVICE_FAMILY = "1,2";
			};
			name = Debug;
		};
		BF9B261525377F610093B044 /* Release */ = {
			isa = XCBuildConfiguration;
			buildSettings = {
				ASSETCATALOG_COMPILER_APPICON_NAME = AppIcon;
				ASSETCATALOG_COMPILER_GLOBAL_ACCENT_COLOR_NAME = AccentColor;
				CODE_SIGN_STYLE = Automatic;
				INFOPLIST_FILE = "The project/Info.plist";
				IPHONEOS_DEPLOYMENT_TARGET = 13.0;
				LD_RUNPATH_SEARCH_PATHS = (
					"$(inherited)",
					"@executable_path/Frameworks",
				);
				PRODUCT_BUNDLE_IDENTIFIER = "kuwaitcode.com.The-project";
				PRODUCT_NAME = "$(TARGET_NAME)";
				SWIFT_VERSION = 5.0;
				TARGETED_DEVICE_FAMILY = "1,2";
			};
			name = Release;
		};
/* End XCBuildConfiguration section */

/* Begin XCConfigurationList section */
		BF9B25FA25377F600093B044 /* Build configuration list for PBXProject "The project" */ = {
			isa = XCConfigurationList;
			buildConfigurations = (
				BF9B261125377F610093B044 /* Debug */,
				BF9B261225377F610093B044 /* Release */,
			);
			defaultConfigurationIsVisible = 0;
			defaultConfigurationName = Release;
		};
		BF9B261325377F610093B044 /* Build configuration list for PBXNativeTarget "The project" */ = {
			isa = XCConfigurationList;
			buildConfigurations = (
				BF9B261425377F610093B044 /* Debug */,
				BF9B261525377F610093B044 /* Release */,
			);
			defaultConfigurationIsVisible = 0;
			defaultConfigurationName = Release;
		};
/* End XCConfigurationList section */
	};
	rootObject = BF9B25F725377F600093B044 /* Project object */;
}
